
Microsoft Visual Studio Solution File, Format Version 12.00
# Visual Studio Version 16
VisualStudioVersion = 16.0.30225.117
MinimumVisualStudioVersion = 10.0.40219.1
Project("{FAE04EC0-301F-11D3-BF4B-00C04F79EFBC}") = "calculator", "calculator\calculator.csproj", "{97970152-2829-40D1-A732-BDA668C7E405}"
EndProject
Global
	GlobalSection(SolutionConfigurationPlatforms) = preSolution
		Debug|Any CPU = Debug|Any CPU
		Release|Any CPU = Release|Any CPU
	EndGlobalSection
	GlobalSection(ProjectConfigurationPlatforms) = postSolution
		{97970152-2829-40D1-A732-BDA668C7E405}.Debug|Any CPU.ActiveCfg = Debug|Any CPU
		{97970152-2829-40D1-A732-BDA668C7E405}.Debug|Any CPU.Build.0 = Debug|Any CPU
		{97970152-2829-40D1-A732-BDA668C7E405}.Release|Any CPU.ActiveCfg = Release|Any CPU
		{97970152-2829-40D1-A732-BDA668C7E405}.Release|Any CPU.Build.0 = Release|Any CPU
	EndGlobalSection
	GlobalSection(SolutionProperties) = preSolution
		HideSolutionNode = FALSE
	EndGlobalSection
	GlobalSection(ExtensibilityGlobals) = postSolution
		SolutionGuid = {FBC2295B-DA8E-4B8B-9A30-7BF2433ED1C9}
	EndGlobalSection
EndGlobal
